
Microsoft Visual Studio Solution File, Format Version 11.00
# Visual Studio 2010
Project("{8BC9CEB8-8B4A-11D0-8D11-00A0C91BC942}") = "qwer", "qwer\qwer.vcxproj", "{67D10D79-AE62-401D-947E-1DC6F25F0ADB}"
EndProject
Global
	GlobalSection(SolutionConfigurationPlatforms) = preSolution
		Debug|Win32 = Debug|Win32
		Release|Win32 = Release|Win32
	EndGlobalSection
	GlobalSection(ProjectConfigurationPlatforms) = postSolution
		{67D10D79-AE62-401D-947E-1DC6F25F0ADB}.Debug|Win32.ActiveCfg = Debug|Win32
		{67D10D79-AE62-401D-947E-1DC6F25F0ADB}.Debug|Win32.Build.0 = Debug|Win32
		{67D10D79-AE62-401D-947E-1DC6F25F0ADB}.Release|Win32.ActiveCfg = Release|Win32
		{67D10D79-AE62-401D-947E-1DC6F25F0ADB}.Release|Win32.Build.0 = Release|Win32
	EndGlobalSection
	GlobalSection(SolutionProperties) = preSolution
		HideSolutionNode = FALSE
	EndGlobalSection
EndGlobal
