
Microsoft Visual Studio Solution File, Format Version 11.00
# Visual Studio 2010
Project("{8BC9CEB8-8B4A-11D0-8D11-00A0C91BC942}") = "츄리", "츄리\츄리.vcxproj", "{CE1C63E3-5990-4547-8EA2-7FE3AAC40799}"
EndProject
Global
	GlobalSection(SolutionConfigurationPlatforms) = preSolution
		Debug|Win32 = Debug|Win32
		Release|Win32 = Release|Win32
	EndGlobalSection
	GlobalSection(ProjectConfigurationPlatforms) = postSolution
		{CE1C63E3-5990-4547-8EA2-7FE3AAC40799}.Debug|Win32.ActiveCfg = Debug|Win32
		{CE1C63E3-5990-4547-8EA2-7FE3AAC40799}.Debug|Win32.Build.0 = Debug|Win32
		{CE1C63E3-5990-4547-8EA2-7FE3AAC40799}.Release|Win32.ActiveCfg = Release|Win32
		{CE1C63E3-5990-4547-8EA2-7FE3AAC40799}.Release|Win32.Build.0 = Release|Win32
	EndGlobalSection
	GlobalSection(SolutionProperties) = preSolution
		HideSolutionNode = FALSE
	EndGlobalSection
EndGlobal
